<?xml version="1.0" encoding="utf-8"?>
<Project ToolsVersion="4.0" xmlns="http://schemas.microsoft.com/developer/msbuild/2003">
  <ItemGroup>
    <Filter Include="Source Files">
      <UniqueIdentifier>{4FC737F1-C7A5-4376-A066-2A32D752A2FF}</UniqueIdentifier>
      <Extensions>qml;cpp;c;cc;cxx;def;odl;idl;hpj;bat;asm;asmx</Extensions>
    </Filter>
    <Filter Include="Header Files">
      <UniqueIdentifier>{93995380-89BD-4b04-88EB-625FBE52EBFB}</UniqueIdentifier>
      <Extensions>h;hh;hpp;hxx;hm;inl;inc;xsd</Extensions>
    </Filter>
    <Filter Include="Resource Files">
      <UniqueIdentifier>{67DA6AB6-F800-4c08-8B7A-83BB121AAD01}</UniqueIdentifier>
      <Extensions>qrc;rc;ico;cur;bmp;dlg;rc2;rct;bin;rgs;gif;jpg;jpeg;jpe;resx;tiff;tif;png;wav;mfcribbon-ms</Extensions>
    </Filter>
    <Filter Include="Form Files">
      <UniqueIdentifier>{99349809-55BA-4b9d-BF79-8FDBB0286EB3}</UniqueIdentifier>
      <Extensions>ui</Extensions>
    </Filter>
    <Filter Include="Translation Files">
      <UniqueIdentifier>{639EADAA-A684-42e4-A9AD-28FC9BCB8F7C}</UniqueIdentifier>
      <Extensions>ts</Extensions>
    </Filter>
  </ItemGroup>
  <ItemGroup>
    <ClCompile Include="..\..\Sources\Containers\HxToolBar.cpp">
      <Filter>Source Files</Filter>
    </ClCompile>
    <ClCompile Include="..\..\Sources\Containers\HxWidgetSearchHelper.cpp">
      <Filter>Source Files</Filter>
    </ClCompile>
    <ClCompile Include="..\..\Sources\Containers\NestedSplitter.cpp">
      <Filter>Source Files</Filter>
    </ClCompile>
    <ClCompile Include="..\..\Sources\Controls\DoubleRangerSlider.cpp">
      <Filter>Source Files</Filter>
    </ClCompile>
    <ClCompile Include="..\..\Sources\Controls\HxBadge.cpp">
      <Filter>Source Files</Filter>
    </ClCompile>
    <ClCompile Include="..\..\Sources\Controls\RangeSlider.cpp">
      <Filter>Source Files</Filter>
    </ClCompile>
    <ClCompile Include="..\..\Sources\Dialogs\HxSettingsDialog.cpp">
      <Filter>Source Files</Filter>
    </ClCompile>
    <ClCompile Include="..\..\Sources\Globals\HxWidgetsGlobal.cpp">
      <Filter>Source Files</Filter>
    </ClCompile>
    <ClCompile Include="..\..\Sources\Globals\HxWidgetsNamespace.cpp">
      <Filter>Source Files</Filter>
    </ClCompile>
    <ClCompile Include="..\..\Sources\Globals\WidgetUtils.cpp">
      <Filter>Source Files</Filter>
    </ClCompile>
    <ClCompile Include="..\..\Sources\ItemView\HItemDelegate.cpp">
      <Filter>Source Files</Filter>
    </ClCompile>
    <ClCompile Include="..\..\Sources\ItemView\HxItemSearchHelper.cpp">
      <Filter>Source Files</Filter>
    </ClCompile>
    <ClCompile Include="..\..\Sources\ItemView\HxItemViewDragDropHelper.cpp">
      <Filter>Source Files</Filter>
    </ClCompile>
    <ClCompile Include="..\..\Sources\ItemView\HxItemViewPaintHelper.cpp">
      <Filter>Source Files</Filter>
    </ClCompile>
    <ClCompile Include="..\..\Sources\ItemView\HxListView.cpp">
      <Filter>Source Files</Filter>
    </ClCompile>
    <ClCompile Include="..\..\Sources\ItemView\HxSharedWidgetItemDelegate.cpp">
      <Filter>Source Files</Filter>
    </ClCompile>
    <ClCompile Include="..\..\Sources\ItemView\HxTableView.cpp">
      <Filter>Source Files</Filter>
    </ClCompile>
    <ClCompile Include="..\..\Sources\ItemView\HxTreeView.cpp">
      <Filter>Source Files</Filter>
    </ClCompile>
    <ClCompile Include="..\..\Sources\ItemView\ItemViewFriend.cpp">
      <Filter>Source Files</Filter>
    </ClCompile>
    <ClCompile Include="..\..\Sources\Layouts\FlowLayout.cpp">
      <Filter>Source Files</Filter>
    </ClCompile>
    <ClCompile Include="..\..\Sources\WindowSystem\HxCustomizedWindowHelper.cpp">
      <Filter>Source Files</Filter>
    </ClCompile>
    <ClCompile Include="..\..\Sources\WindowSystem\HxCustomizedWindowHelper_Windows.cpp">
      <Filter>Source Files</Filter>
    </ClCompile>
  </ItemGroup>
  <ItemGroup>
    <QtMoc Include="..\..\Sources\Containers\HxToolBar.hpp">
      <Filter>Header Files</Filter>
    </QtMoc>
    <QtMoc Include="..\..\Sources\Containers\HxWidgetSearchHelper.hpp">
      <Filter>Header Files</Filter>
    </QtMoc>
    <QtMoc Include="..\..\Sources\Containers\NestedSplitter.hpp">
      <Filter>Header Files</Filter>
    </QtMoc>
    <QtMoc Include="..\..\Sources\Controls\DoubleRangerSlider.hpp">
      <Filter>Header Files</Filter>
    </QtMoc>
    <QtMoc Include="..\..\Sources\Controls\HxBadge.hpp">
      <Filter>Header Files</Filter>
    </QtMoc>
    <QtMoc Include="..\..\Sources\Controls\RangeSlider.hpp">
      <Filter>Header Files</Filter>
    </QtMoc>
    <QtMoc Include="..\..\Sources\Dialogs\HxSettingsDialog.hpp">
      <Filter>Header Files</Filter>
    </QtMoc>
    <QtMoc Include="..\..\Sources\Globals\HxWidgetsNamespace.hpp">
      <Filter>Header Files</Filter>
    </QtMoc>
    <QtMoc Include="..\..\Sources\Globals\WidgetUtils.hpp">
      <Filter>Header Files</Filter>
    </QtMoc>
    <QtMoc Include="..\..\Sources\ItemView\HxItemDelagate.h">
      <Filter>Header Files</Filter>
    </QtMoc>
    <QtMoc Include="..\..\Sources\ItemView\HxItemSearchHelper.h">
      <Filter>Header Files</Filter>
    </QtMoc>
    <QtMoc Include="..\..\Sources\ItemView\HxItemViewDragDropHelper.hpp">
      <Filter>Header Files</Filter>
    </QtMoc>
    <QtMoc Include="..\..\Sources\ItemView\HxItemViewPaintHelper.h">
      <Filter>Header Files</Filter>
    </QtMoc>
    <QtMoc Include="..\..\Sources\ItemView\HxListView.h">
      <Filter>Header Files</Filter>
    </QtMoc>
    <QtMoc Include="..\..\Sources\ItemView\HxSharedWidgetItemDelegate.hpp">
      <Filter>Header Files</Filter>
    </QtMoc>
    <QtMoc Include="..\..\Sources\ItemView\HxTableView.h">
      <Filter>Header Files</Filter>
    </QtMoc>
    <QtMoc Include="..\..\Sources\ItemView\HxTreeView.h">
      <Filter>Header Files</Filter>
    </QtMoc>
    <QtMoc Include="..\..\Sources\ItemView\ItemViewFriend.hpp">
      <Filter>Header Files</Filter>
    </QtMoc>
    <QtMoc Include="..\..\Sources\Layouts\FlowLayout.hpp">
      <Filter>Header Files</Filter>
    </QtMoc>
    <QtMoc Include="..\..\Sources\WindowSystem\HxCustomizedWindowHelper.hpp">
      <Filter>Header Files</Filter>
    </QtMoc>
  </ItemGroup>
  <ItemGroup>
    <ClInclude Include="..\..\Sources\Globals\HxWidgetsGlobal.hpp">
      <Filter>Header Files</Filter>
    </ClInclude>
    <ClInclude Include="..\..\Sources\Globals\HxWidgetsGlobalPrivate.hpp">
      <Filter>Header Files</Filter>
    </ClInclude>
  </ItemGroup>
</Project>