<?xml version="1.0" encoding="utf-8"?>
<Project ToolsVersion="4.0" xmlns="http://schemas.microsoft.com/developer/msbuild/2003">
  <ItemGroup>
    <Filter Include="Source Files">
      <UniqueIdentifier>{4FC737F1-C7A5-4376-A066-2A32D752A2FF}</UniqueIdentifier>
      <Extensions>qml;cpp;c;cc;cxx;def;odl;idl;hpj;bat;asm;asmx</Extensions>
    </Filter>
    <Filter Include="Header Files">
      <UniqueIdentifier>{93995380-89BD-4b04-88EB-625FBE52EBFB}</UniqueIdentifier>
      <Extensions>h;hh;hpp;hxx;hm;inl;inc;xsd</Extensions>
    </Filter>
    <Filter Include="Resource Files">
      <UniqueIdentifier>{67DA6AB6-F800-4c08-8B7A-83BB121AAD01}</UniqueIdentifier>
      <Extensions>qrc;rc;ico;cur;bmp;dlg;rc2;rct;bin;rgs;gif;jpg;jpeg;jpe;resx;tiff;tif;png;wav;mfcribbon-ms</Extensions>
    </Filter>
    <Filter Include="Form Files">
      <UniqueIdentifier>{99349809-55BA-4b9d-BF79-8FDBB0286EB3}</UniqueIdentifier>
      <Extensions>ui</Extensions>
    </Filter>
    <Filter Include="Translation Files">
      <UniqueIdentifier>{639EADAA-A684-42e4-A9AD-28FC9BCB8F7C}</UniqueIdentifier>
      <Extensions>ts</Extensions>
    </Filter>
  </ItemGroup>
  <ItemGroup>
    <ClCompile Include="..\..\Test\AnchorLayoutTestWidget.cpp">
      <Filter>Source Files</Filter>
    </ClCompile>
    <ClCompile Include="..\..\Test\DoubleRangeSliderTestWidget.cpp">
      <Filter>Source Files</Filter>
    </ClCompile>
    <ClCompile Include="..\..\Test\FlowLayoutTestWidget.cpp">
      <Filter>Source Files</Filter>
    </ClCompile>
    <ClCompile Include="..\..\Test\main.cpp">
      <Filter>Source Files</Filter>
    </ClCompile>
    <ClCompile Include="..\..\Test\NestedSplitterTestWidget.cpp">
      <Filter>Source Files</Filter>
    </ClCompile>
    <ClCompile Include="..\..\Test\RangeSliderTestWidget.cpp">
      <Filter>Source Files</Filter>
    </ClCompile>
    <ClCompile Include="..\..\Test\TestStarterWidget.cpp">
      <Filter>Source Files</Filter>
    </ClCompile>
    <ClCompile Include="..\..\Test\WidgetsTestGlobal.cpp">
      <Filter>Source Files</Filter>
    </ClCompile>
    <ClCompile Include="..\..\Test\ToolBarTestWidget.cpp">
      <Filter>Source Files</Filter>
    </ClCompile>
    <ClCompile Include="..\..\Test\BadgeTestWidget.cpp">
      <Filter>Source Files</Filter>
    </ClCompile>
    <ClCompile Include="..\..\Test\SettingsDialogSearchTestWidget.cpp">
      <Filter>Source Files</Filter>
    </ClCompile>
  </ItemGroup>
  <ItemGroup>
    <QtMoc Include="..\..\Test\AnchorLayoutTestWidget.hpp">
      <Filter>Header Files</Filter>
    </QtMoc>
    <QtMoc Include="..\..\Test\DoubleRangeSliderTestWidget.hpp">
      <Filter>Header Files</Filter>
    </QtMoc>
    <QtMoc Include="..\..\Test\FlowLayoutTestWidget.hpp">
      <Filter>Header Files</Filter>
    </QtMoc>
    <QtMoc Include="..\..\Test\NestedSplitterTestWidget.hpp">
      <Filter>Header Files</Filter>
    </QtMoc>
    <QtMoc Include="..\..\Test\RangeSliderTestWidget.hpp">
      <Filter>Header Files</Filter>
    </QtMoc>
    <QtMoc Include="..\..\Test\TestStarterWidget.hpp">
      <Filter>Header Files</Filter>
    </QtMoc>
    <QtMoc Include="..\..\Test\BadgeTestWidget.hpp">
      <Filter>Header Files</Filter>
    </QtMoc>
    <QtMoc Include="..\..\Test\SettingsDialogSearchTestWidget.hpp">
      <Filter>Header Files</Filter>
    </QtMoc>
  </ItemGroup>
  <ItemGroup>
    <QtUic Include="..\..\Test\TestStarterWidget.ui">
      <Filter>Form Files</Filter>
    </QtUic>
  </ItemGroup>
  <ItemGroup>
    <ClInclude Include="..\..\Test\ui_TestStarterWidget.h">
      <Filter>Header Files</Filter>
    </ClInclude>
    <ClInclude Include="..\..\Test\WidgetsTestGlobalPrivate.hpp">
      <Filter>Header Files</Filter>
    </ClInclude>
    <QtMoc Include="..\..\Test\ToolBarTestWidget.hpp">
      <Filter>Header Files</Filter>
    </QtMoc>
  </ItemGroup>
  <ItemGroup>
    <QtRcc Include="..\..\Test\resources\stylesheets.qrc">
      <Filter>Resource Files</Filter>
    </QtRcc>
  </ItemGroup>
  <ItemGroup>
    <None Include="..\..\Test\resources\stylesheets\ToolBarTestWidget.css">
      <Filter>Resource Files</Filter>
    </None>
  </ItemGroup>
</Project>